// !$*UTF8*$!
{
	archiveVersion = 1;
	classes = {
	};
	objectVersion = 50;
	objects = {

/* Begin PBXBuildFile section */
		66B6875826C1FBF800CE0FFA /* AppDelegate.swift in Sources */ = {isa = PBXBuildFile; fileRef = 66B6875726C1FBF800CE0FFA /* AppDelegate.swift */; };
		66B6875A26C1FBF800CE0FFA /* SceneDelegate.swift in Sources */ = {isa = PBXBuildFile; fileRef = 66B6875926C1FBF800CE0FFA /* SceneDelegate.swift */; };
		66B6875C26C1FBF800CE0FFA /* ViewController.swift in Sources */ = {isa = PBXBuildFile; fileRef = 66B6875B26C1FBF800CE0FFA /* ViewController.swift */; };
		66B6875F26C1FBF800CE0FFA /* Main.storyboard in Resources */ = {isa = PBXBuildFile; fileRef = 66B6875D26C1FBF800CE0FFA /* Main.storyboard */; };
		66B6876126C1FBFC00CE0FFA /* Assets.xcassets in Resources */ = {isa = PBXBuildFile; fileRef = 66B6876026C1FBFC00CE0FFA /* Assets.xcassets */; };
		66B6876426C1FBFC00CE0FFA /* LaunchScreen.storyboard in Resources */ = {isa = PBXBuildFile; fileRef = 66B6876226C1FBFC00CE0FFA /* LaunchScreen.storyboard */; };
		66B6876F26C1FBFC00CE0FFA /* iOS_Tip_CalculatorTests.swift in Sources */ = {isa = PBXBuildFile; fileRef = 66B6876E26C1FBFC00CE0FFA /* iOS_Tip_CalculatorTests.swift */; };
		66B6877A26C1FBFC00CE0FFA /* iOS_Tip_CalculatorUITests.swift in Sources */ = {isa = PBXBuildFile; fileRef = 66B6877926C1FBFC00CE0FFA /* iOS_Tip_CalculatorUITests.swift */; };
/* End PBXBuildFile section */

/* Begin PBXContainerItemProxy section */
		66B6876B26C1FBFC00CE0FFA /* PBXContainerItemProxy */ = {
			isa = PBXContainerItemProxy;
			containerPortal = 66B6874C26C1FBF800CE0FFA /* Project object */;
			proxyType = 1;
			remoteGlobalIDString = 66B6875326C1FBF800CE0FFA;
			remoteInfo = "iOS Tip Calculator";
		};
		66B6877626C1FBFC00CE0FFA /* PBXContainerItemProxy */ = {
			isa = PBXContainerItemProxy;
			containerPortal = 66B6874C26C1FBF800CE0FFA /* Project object */;
			proxyType = 1;
			remoteGlobalIDString = 66B6875326C1FBF800CE0FFA;
			remoteInfo = "iOS Tip Calculator";
		};
/* End PBXContainerItemProxy section */

/* Begin PBXFileReference section */
		66B6875426C1FBF800CE0FFA /* iOS Tip Calculator.app */ = {isa = PBXFileReference; explicitFileType = wrapper.application; includeInIndex = 0; path = "iOS Tip Calculator.app"; sourceTree = BUILT_PRODUCTS_DIR; };
		66B6875726C1FBF800CE0FFA /* AppDelegate.swift */ = {isa = PBXFileReference; lastKnownFileType = sourcecode.swift; path = AppDelegate.swift; sourceTree = "<group>"; };
		66B6875926C1FBF800CE0FFA /* SceneDelegate.swift */ = {isa = PBXFileReference; lastKnownFileType = sourcecode.swift; path = SceneDelegate.swift; sourceTree = "<group>"; };
		66B6875B26C1FBF800CE0FFA /* ViewController.swift */ = {isa = PBXFileReference; lastKnownFileType = sourcecode.swift; path = ViewController.swift; sourceTree = "<group>"; };
		66B6875E26C1FBF800CE0FFA /* Base */ = {isa = PBXFileReference; lastKnownFileType = file.storyboard; name = Base; path = Base.lproj/Main.storyboard; sourceTree = "<group>"; };
		66B6876026C1FBFC00CE0FFA /* Assets.xcassets */ = {isa = PBXFileReference; lastKnownFileType = folder.assetcatalog; path = Assets.xcassets; sourceTree = "<group>"; };
		66B6876326C1FBFC00CE0FFA /* Base */ = {isa = PBXFileReference; lastKnownFileType = file.storyboard; name = Base; path = Base.lproj/LaunchScreen.storyboard; sourceTree = "<group>"; };
		66B6876526C1FBFC00CE0FFA /* Info.plist */ = {isa = PBXFileReference; lastKnownFileType = text.plist.xml; path = Info.plist; sourceTree = "<group>"; };
		66B6876A26C1FBFC00CE0FFA /* iOS Tip CalculatorTests.xctest */ = {isa = PBXFileReference; explicitFileType = wrapper.cfbundle; includeInIndex = 0; path = "iOS Tip CalculatorTests.xctest"; sourceTree = BUILT_PRODUCTS_DIR; };
		66B6876E26C1FBFC00CE0FFA /* iOS_Tip_CalculatorTests.swift */ = {isa = PBXFileReference; lastKnownFileType = sourcecode.swift; path = iOS_Tip_CalculatorTests.swift; sourceTree = "<group>"; };
		66B6877026C1FBFC00CE0FFA /* Info.plist */ = {isa = PBXFileReference; lastKnownFileType = text.plist.xml; path = Info.plist; sourceTree = "<group>"; };
		66B6877526C1FBFC00CE0FFA /* iOS Tip CalculatorUITests.xctest */ = {isa = PBXFileReference; explicitFileType = wrapper.cfbundle; includeInIndex = 0; path = "iOS Tip CalculatorUITests.xctest"; sourceTree = BUILT_PRODUCTS_DIR; };
		66B6877926C1FBFC00CE0FFA /* iOS_Tip_CalculatorUITests.swift */ = {isa = PBXFileReference; lastKnownFileType = sourcecode.swift; path = iOS_Tip_CalculatorUITests.swift; sourceTree = "<group>"; };
		66B6877B26C1FBFC00CE0FFA /* Info.plist */ = {isa = PBXFileReference; lastKnownFileType = text.plist.xml; path = Info.plist; sourceTree = "<group>"; };
/* End PBXFileReference section */

/* Begin PBXFrameworksBuildPhase section */
		66B6875126C1FBF800CE0FFA /* Frameworks */ = {
			isa = PBXFrameworksBuildPhase;
			buildActionMask = 2147483647;
			files = (
			);
			runOnlyForDeploymentPostprocessing = 0;
		};
		66B6876726C1FBFC00CE0FFA /* Frameworks */ = {
			isa = PBXFrameworksBuildPhase;
			buildActionMask = 2147483647;
			files = (
			);
			runOnlyForDeploymentPostprocessing = 0;
		};
		66B6877226C1FBFC00CE0FFA /* Frameworks */ = {
			isa = PBXFrameworksBuildPhase;
			buildActionMask = 2147483647;
			files = (
			);
			runOnlyForDeploymentPostprocessing = 0;
		};
/* End PBXFrameworksBuildPhase section */

/* Begin PBXGroup section */
		66B6874B26C1FBF800CE0FFA = {
			isa = PBXGroup;
			children = (
				66B6875626C1FBF800CE0FFA /* iOS Tip Calculator */,
				66B6876D26C1FBFC00CE0FFA /* iOS Tip CalculatorTests */,
				66B6877826C1FBFC00CE0FFA /* iOS Tip CalculatorUITests */,
				66B6875526C1FBF800CE0FFA /* Products */,
			);
			sourceTree = "<group>";
		};
		66B6875526C1FBF800CE0FFA /* Products */ = {
			isa = PBXGroup;
			children = (
				66B6875426C1FBF800CE0FFA /* iOS Tip Calculator.app */,
				66B6876A26C1FBFC00CE0FFA /* iOS Tip CalculatorTests.xctest */,
				66B6877526C1FBFC00CE0FFA /* iOS Tip CalculatorUITests.xctest */,
			);
			name = Products;
			sourceTree = "<group>";
		};
		66B6875626C1FBF800CE0FFA /* iOS Tip Calculator */ = {
			isa = PBXGroup;
			children = (
				66B6875726C1FBF800CE0FFA /* AppDelegate.swift */,
				66B6875926C1FBF800CE0FFA /* SceneDelegate.swift */,
				66B6875B26C1FBF800CE0FFA /* ViewController.swift */,
				66B6875D26C1FBF800CE0FFA /* Main.storyboard */,
				66B6876026C1FBFC00CE0FFA /* Assets.xcassets */,
				66B6876226C1FBFC00CE0FFA /* LaunchScreen.storyboard */,
				66B6876526C1FBFC00CE0FFA /* Info.plist */,
			);
			path = "iOS Tip Calculator";
			sourceTree = "<group>";
		};
		66B6876D26C1FBFC00CE0FFA /* iOS Tip CalculatorTests */ = {
			isa = PBXGroup;
			children = (
				66B6876E26C1FBFC00CE0FFA /* iOS_Tip_CalculatorTests.swift */,
				66B6877026C1FBFC00CE0FFA /* Info.plist */,
			);
			path = "iOS Tip CalculatorTests";
			sourceTree = "<group>";
		};
		66B6877826C1FBFC00CE0FFA /* iOS Tip CalculatorUITests */ = {
			isa = PBXGroup;
			children = (
				66B6877926C1FBFC00CE0FFA /* iOS_Tip_CalculatorUITests.swift */,
				66B6877B26C1FBFC00CE0FFA /* Info.plist */,
			);
			path = "iOS Tip CalculatorUITests";
			sourceTree = "<group>";
		};
/* End PBXGroup section */

/* Begin PBXNativeTarget section */
		66B6875326C1FBF800CE0FFA /* iOS Tip Calculator */ = {
			isa = PBXNativeTarget;
			buildConfigurationList = 66B6877E26C1FBFC00CE0FFA /* Build configuration list for PBXNativeTarget "iOS Tip Calculator" */;
			buildPhases = (
				66B6875026C1FBF800CE0FFA /* Sources */,
				66B6875126C1FBF800CE0FFA /* Frameworks */,
				66B6875226C1FBF800CE0FFA /* Resources */,
			);
			buildRules = (
			);
			dependencies = (
			);
			name = "iOS Tip Calculator";
			productName = "iOS Tip Calculator";
			productReference = 66B6875426C1FBF800CE0FFA /* iOS Tip Calculator.app */;
			productType = "com.apple.product-type.application";
		};
		66B6876926C1FBFC00CE0FFA /* iOS Tip CalculatorTests */ = {
			isa = PBXNativeTarget;
			buildConfigurationList = 66B6878126C1FBFC00CE0FFA /* Build configuration list for PBXNativeTarget "iOS Tip CalculatorTests" */;
			buildPhases = (
				66B6876626C1FBFC00CE0FFA /* Sources */,
				66B6876726C1FBFC00CE0FFA /* Frameworks */,
				66B6876826C1FBFC00CE0FFA /* Resources */,
			);
			buildRules = (
			);
			dependencies = (
				66B6876C26C1FBFC00CE0FFA /* PBXTargetDependency */,
			);
			name = "iOS Tip CalculatorTests";
			productName = "iOS Tip CalculatorTests";
			productReference = 66B6876A26C1FBFC00CE0FFA /* iOS Tip CalculatorTests.xctest */;
			productType = "com.apple.product-type.bundle.unit-test";
		};
		66B6877426C1FBFC00CE0FFA /* iOS Tip CalculatorUITests */ = {
			isa = PBXNativeTarget;
			buildConfigurationList = 66B6878426C1FBFC00CE0FFA /* Build configuration list for PBXNativeTarget "iOS Tip CalculatorUITests" */;
			buildPhases = (
				66B6877126C1FBFC00CE0FFA /* Sources */,
				66B6877226C1FBFC00CE0FFA /* Frameworks */,
				66B6877326C1FBFC00CE0FFA /* Resources */,
			);
			buildRules = (
			);
			dependencies = (
				66B6877726C1FBFC00CE0FFA /* PBXTargetDependency */,
			);
			name = "iOS Tip CalculatorUITests";
			productName = "iOS Tip CalculatorUITests";
			productReference = 66B6877526C1FBFC00CE0FFA /* iOS Tip CalculatorUITests.xctest */;
			productType = "com.apple.product-type.bundle.ui-testing";
		};
/* End PBXNativeTarget section */

/* Begin PBXProject section */
		66B6874C26C1FBF800CE0FFA /* Project object */ = {
			isa = PBXProject;
			attributes = {
				LastSwiftUpdateCheck = 1200;
				LastUpgradeCheck = 1200;
				TargetAttributes = {
					66B6875326C1FBF800CE0FFA = {
						CreatedOnToolsVersion = 12.0.1;
					};
					66B6876926C1FBFC00CE0FFA = {
						CreatedOnToolsVersion = 12.0.1;
						TestTargetID = 66B6875326C1FBF800CE0FFA;
					};
					66B6877426C1FBFC00CE0FFA = {
						CreatedOnToolsVersion = 12.0.1;
						TestTargetID = 66B6875326C1FBF800CE0FFA;
					};
				};
			};
			buildConfigurationList = 66B6874F26C1FBF800CE0FFA /* Build configuration list for PBXProject "iOS Tip Calculator" */;
			compatibilityVersion = "Xcode 9.3";
			developmentRegion = en;
			hasScannedForEncodings = 0;
			knownRegions = (
				en,
				Base,
			);
			mainGroup = 66B6874B26C1FBF800CE0FFA;
			productRefGroup = 66B6875526C1FBF800CE0FFA /* Products */;
			projectDirPath = "";
			projectRoot = "";
			targets = (
				66B6875326C1FBF800CE0FFA /* iOS Tip Calculator */,
				66B6876926C1FBFC00CE0FFA /* iOS Tip CalculatorTests */,
				66B6877426C1FBFC00CE0FFA /* iOS Tip CalculatorUITests */,
			);
		};
/* End PBXProject section */

/* Begin PBXResourcesBuildPhase section */
		66B6875226C1FBF800CE0FFA /* Resources */ = {
			isa = PBXResourcesBuildPhase;
			buildActionMask = 2147483647;
			files = (
				66B6876426C1FBFC00CE0FFA /* LaunchScreen.storyboard in Resources */,
				66B6876126C1FBFC00CE0FFA /* Assets.xcassets in Resources */,
				66B6875F26C1FBF800CE0FFA /* Main.storyboard in Resources */,
			);
			runOnlyForDeploymentPostprocessing = 0;
		};
		66B6876826C1FBFC00CE0FFA /* Resources */ = {
			isa = PBXResourcesBuildPhase;
			buildActionMask = 2147483647;
			files = (
			);
			runOnlyForDeploymentPostprocessing = 0;
		};
		66B6877326C1FBFC00CE0FFA /* Resources */ = {
			isa = PBXResourcesBuildPhase;
			buildActionMask = 2147483647;
			files = (
			);
			runOnlyForDeploymentPostprocessing = 0;
		};
/* End PBXResourcesBuildPhase section */

/* Begin PBXSourcesBuildPhase section */
		66B6875026C1FBF800CE0FFA /* Sources */ = {
			isa = PBXSourcesBuildPhase;
			buildActionMask = 2147483647;
			files = (
				66B6875C26C1FBF800CE0FFA /* ViewController.swift in Sources */,
				66B6875826C1FBF800CE0FFA /* AppDelegate.swift in Sources */,
				66B6875A26C1FBF800CE0FFA /* SceneDelegate.swift in Sources */,
			);
			runOnlyForDeploymentPostprocessing = 0;
		};
		66B6876626C1FBFC00CE0FFA /* Sources */ = {
			isa = PBXSourcesBuildPhase;
			buildActionMask = 2147483647;
			files = (
				66B6876F26C1FBFC00CE0FFA /* iOS_Tip_CalculatorTests.swift in Sources */,
			);
			runOnlyForDeploymentPostprocessing = 0;
		};
		66B6877126C1FBFC00CE0FFA /* Sources */ = {
			isa = PBXSourcesBuildPhase;
			buildActionMask = 2147483647;
			files = (
				66B6877A26C1FBFC00CE0FFA /* iOS_Tip_CalculatorUITests.swift in Sources */,
			);
			runOnlyForDeploymentPostprocessing = 0;
		};
/* End PBXSourcesBuildPhase section */

/* Begin PBXTargetDependency section */
		66B6876C26C1FBFC00CE0FFA /* PBXTargetDependency */ = {
			isa = PBXTargetDependency;
			target = 66B6875326C1FBF800CE0FFA /* iOS Tip Calculator */;
			targetProxy = 66B6876B26C1FBFC00CE0FFA /* PBXContainerItemProxy */;
		};
		66B6877726C1FBFC00CE0FFA /* PBXTargetDependency */ = {
			isa = PBXTargetDependency;
			target = 66B6875326C1FBF800CE0FFA /* iOS Tip Calculator */;
			targetProxy = 66B6877626C1FBFC00CE0FFA /* PBXContainerItemProxy */;
		};
/* End PBXTargetDependency section */

/* Begin PBXVariantGroup section */
		66B6875D26C1FBF800CE0FFA /* Main.storyboard */ = {
			isa = PBXVariantGroup;
			children = (
				66B6875E26C1FBF800CE0FFA /* Base */,
			);
			name = Main.storyboard;
			sourceTree = "<group>";
		};
		66B6876226C1FBFC00CE0FFA /* LaunchScreen.storyboard */ = {
			isa = PBXVariantGroup;
			children = (
				66B6876326C1FBFC00CE0FFA /* Base */,
			);
			name = LaunchScreen.storyboard;
			sourceTree = "<group>";
		};
/* End PBXVariantGroup section */

/* Begin XCBuildConfiguration section */
		66B6877C26C1FBFC00CE0FFA /* Debug */ = {
			isa = XCBuildConfiguration;
			buildSettings = {
				ALWAYS_SEARCH_USER_PATHS = NO;
				CLANG_ANALYZER_NONNULL = YES;
				CLANG_ANALYZER_NUMBER_OBJECT_CONVERSION = YES_AGGRESSIVE;
				CLANG_CXX_LANGUAGE_STANDARD = "gnu++14";
				CLANG_CXX_LIBRARY = "libc++";
				CLANG_ENABLE_MODULES = YES;
				CLANG_ENABLE_OBJC_ARC = YES;
				CLANG_ENABLE_OBJC_WEAK = YES;
				CLANG_WARN_BLOCK_CAPTURE_AUTORELEASING = YES;
				CLANG_WARN_BOOL_CONVERSION = YES;
				CLANG_WARN_COMMA = YES;
				CLANG_WARN_CONSTANT_CONVERSION = YES;
				CLANG_WARN_DEPRECATED_OBJC_IMPLEMENTATIONS = YES;
				CLANG_WARN_DIRECT_OBJC_ISA_USAGE = YES_ERROR;
				CLANG_WARN_DOCUMENTATION_COMMENTS = YES;
				CLANG_WARN_EMPTY_BODY = YES;
				CLANG_WARN_ENUM_CONVERSION = YES;
				CLANG_WARN_INFINITE_RECURSION = YES;
				CLANG_WARN_INT_CONVERSION = YES;
				CLANG_WARN_NON_LITERAL_NULL_CONVERSION = YES;
				CLANG_WARN_OBJC_IMPLICIT_RETAIN_SELF = YES;
				CLANG_WARN_OBJC_LITERAL_CONVERSION = YES;
				CLANG_WARN_OBJC_ROOT_CLASS = YES_ERROR;
				CLANG_WARN_QUOTED_INCLUDE_IN_FRAMEWORK_HEADER = YES;
				CLANG_WARN_RANGE_LOOP_ANALYSIS = YES;
				CLANG_WARN_STRICT_PROTOTYPES = YES;
				CLANG_WARN_SUSPICIOUS_MOVE = YES;
				CLANG_WARN_UNGUARDED_AVAILABILITY = YES_AGGRESSIVE;
				CLANG_WARN_UNREACHABLE_CODE = YES;
				CLANG_WARN__DUPLICATE_METHOD_MATCH = YES;
				COPY_PHASE_STRIP = NO;
				DEBUG_INFORMATION_FORMAT = dwarf;
				ENABLE_STRICT_OBJC_MSGSEND = YES;
				ENABLE_TESTABILITY = YES;
				GCC_C_LANGUAGE_STANDARD = gnu11;
				GCC_DYNAMIC_NO_PIC = NO;
				GCC_NO_COMMON_BLOCKS = YES;
				GCC_OPTIMIZATION_LEVEL = 0;
				GCC_PREPROCESSOR_DEFINITIONS = (
					"DEBUG=1",
					"$(inherited)",
				);
				GCC_WARN_64_TO_32_BIT_CONVERSION = YES;
				GCC_WARN_ABOUT_RETURN_TYPE = YES_ERROR;
				GCC_WARN_UNDECLARED_SELECTOR = YES;
				GCC_WARN_UNINITIALIZED_AUTOS = YES_AGGRESSIVE;
				GCC_WARN_UNUSED_FUNCTION = YES;
				GCC_WARN_UNUSED_VARIABLE = YES;
				IPHONEOS_DEPLOYMENT_TARGET = 14.0;
				MTL_ENABLE_DEBUG_INFO = INCLUDE_SOURCE;
				MTL_FAST_MATH = YES;
				ONLY_ACTIVE_ARCH = YES;
				SDKROOT = iphoneos;
				SWIFT_ACTIVE_COMPILATION_CONDITIONS = DEBUG;
				SWIFT_OPTIMIZATION_LEVEL = "-Onone";
			};
			name = Debug;
		};
		66B6877D26C1FBFC00CE0FFA /* Release */ = {
			isa = XCBuildConfiguration;
			buildSettings = {
				ALWAYS_SEARCH_USER_PATHS = NO;
				CLANG_ANALYZER_NONNULL = YES;
				CLANG_ANALYZER_NUMBER_OBJECT_CONVERSION = YES_AGGRESSIVE;
				CLANG_CXX_LANGUAGE_STANDARD = "gnu++14";
				CLANG_CXX_LIBRARY = "libc++";
				CLANG_ENABLE_MODULES = YES;
				CLANG_ENABLE_OBJC_ARC = YES;
				CLANG_ENABLE_OBJC_WEAK = YES;
				CLANG_WARN_BLOCK_CAPTURE_AUTORELEASING = YES;
				CLANG_WARN_BOOL_CONVERSION = YES;
				CLANG_WARN_COMMA = YES;
				CLANG_WARN_CONSTANT_CONVERSION = YES;
				CLANG_WARN_DEPRECATED_OBJC_IMPLEMENTATIONS = YES;
				CLANG_WARN_DIRECT_OBJC_ISA_USAGE = YES_ERROR;
				CLANG_WARN_DOCUMENTATION_COMMENTS = YES;
				CLANG_WARN_EMPTY_BODY = YES;
				CLANG_WARN_ENUM_CONVERSION = YES;
				CLANG_WARN_INFINITE_RECURSION = YES;
				CLANG_WARN_INT_CONVERSION = YES;
				CLANG_WARN_NON_LITERAL_NULL_CONVERSION = YES;
				CLANG_WARN_OBJC_IMPLICIT_RETAIN_SELF = YES;
				CLANG_WARN_OBJC_LITERAL_CONVERSION = YES;
				CLANG_WARN_OBJC_ROOT_CLASS = YES_ERROR;
				CLANG_WARN_QUOTED_INCLUDE_IN_FRAMEWORK_HEADER = YES;
				CLANG_WARN_RANGE_LOOP_ANALYSIS = YES;
				CLANG_WARN_STRICT_PROTOTYPES = YES;
				CLANG_WARN_SUSPICIOUS_MOVE = YES;
				CLANG_WARN_UNGUARDED_AVAILABILITY = YES_AGGRESSIVE;
				CLANG_WARN_UNREACHABLE_CODE = YES;
				CLANG_WARN__DUPLICATE_METHOD_MATCH = YES;
				COPY_PHASE_STRIP = NO;
				DEBUG_INFORMATION_FORMAT = "dwarf-with-dsym";
				ENABLE_NS_ASSERTIONS = NO;
				ENABLE_STRICT_OBJC_MSGSEND = YES;
				GCC_C_LANGUAGE_STANDARD = gnu11;
				GCC_NO_COMMON_BLOCKS = YES;
				GCC_WARN_64_TO_32_BIT_CONVERSION = YES;
				GCC_WARN_ABOUT_RETURN_TYPE = YES_ERROR;
				GCC_WARN_UNDECLARED_SELECTOR = YES;
				GCC_WARN_UNINITIALIZED_AUTOS = YES_AGGRESSIVE;
				GCC_WARN_UNUSED_FUNCTION = YES;
				GCC_WARN_UNUSED_VARIABLE = YES;
				IPHONEOS_DEPLOYMENT_TARGET = 14.0;
				MTL_ENABLE_DEBUG_INFO = NO;
				MTL_FAST_MATH = YES;
				SDKROOT = iphoneos;
				SWIFT_COMPILATION_MODE = wholemodule;
				SWIFT_OPTIMIZATION_LEVEL = "-O";
				VALIDATE_PRODUCT = YES;
			};
			name = Release;
		};
		66B6877F26C1FBFC00CE0FFA /* Debug */ = {
			isa = XCBuildConfiguration;
			buildSettings = {
				ASSETCATALOG_COMPILER_APPICON_NAME = AppIcon;
				ASSETCATALOG_COMPILER_GLOBAL_ACCENT_COLOR_NAME = AccentColor;
				CODE_SIGN_STYLE = Automatic;
				DEVELOPMENT_TEAM = 4KANNKW3US;
				INFOPLIST_FILE = "iOS Tip Calculator/Info.plist";
				LD_RUNPATH_SEARCH_PATHS = (
					"$(inherited)",
					"@executable_path/Frameworks",
				);
				PRODUCT_BUNDLE_IDENTIFIER = "memo.com.iOS-Tip-Calculator";
				PRODUCT_NAME = "$(TARGET_NAME)";
				SWIFT_VERSION = 5.0;
				TARGETED_DEVICE_FAMILY = "1,2";
			};
			name = Debug;
		};
		66B6878026C1FBFC00CE0FFA /* Release */ = {
			isa = XCBuildConfiguration;
			buildSettings = {
				ASSETCATALOG_COMPILER_APPICON_NAME = AppIcon;
				ASSETCATALOG_COMPILER_GLOBAL_ACCENT_COLOR_NAME = AccentColor;
				CODE_SIGN_STYLE = Automatic;
				DEVELOPMENT_TEAM = 4KANNKW3US;
				INFOPLIST_FILE = "iOS Tip Calculator/Info.plist";
				LD_RUNPATH_SEARCH_PATHS = (
					"$(inherited)",
					"@executable_path/Frameworks",
				);
				PRODUCT_BUNDLE_IDENTIFIER = "memo.com.iOS-Tip-Calculator";
				PRODUCT_NAME = "$(TARGET_NAME)";
				SWIFT_VERSION = 5.0;
				TARGETED_DEVICE_FAMILY = "1,2";
			};
			name = Release;
		};
		66B6878226C1FBFC00CE0FFA /* Debug */ = {
			isa = XCBuildConfiguration;
			buildSettings = {
				ALWAYS_EMBED_SWIFT_STANDARD_LIBRARIES = YES;
				BUNDLE_LOADER = "$(TEST_HOST)";
				CODE_SIGN_STYLE = Automatic;
				DEVELOPMENT_TEAM = 4KANNKW3US;
				INFOPLIST_FILE = "iOS Tip CalculatorTests/Info.plist";
				IPHONEOS_DEPLOYMENT_TARGET = 14.0;
				LD_RUNPATH_SEARCH_PATHS = (
					"$(inherited)",
					"@executable_path/Frameworks",
					"@loader_path/Frameworks",
				);
				PRODUCT_BUNDLE_IDENTIFIER = "memo.com.iOS-Tip-CalculatorTests";
				PRODUCT_NAME = "$(TARGET_NAME)";
				SWIFT_VERSION = 5.0;
				TARGETED_DEVICE_FAMILY = "1,2";
				TEST_HOST = "$(BUILT_PRODUCTS_DIR)/iOS Tip Calculator.app/iOS Tip Calculator";
			};
			name = Debug;
		};
		66B6878326C1FBFC00CE0FFA /* Release */ = {
			isa = XCBuildConfiguration;
			buildSettings = {
				ALWAYS_EMBED_SWIFT_STANDARD_LIBRARIES = YES;
				BUNDLE_LOADER = "$(TEST_HOST)";
				CODE_SIGN_STYLE = Automatic;
				DEVELOPMENT_TEAM = 4KANNKW3US;
				INFOPLIST_FILE = "iOS Tip CalculatorTests/Info.plist";
				IPHONEOS_DEPLOYMENT_TARGET = 14.0;
				LD_RUNPATH_SEARCH_PATHS = (
					"$(inherited)",
					"@executable_path/Frameworks",
					"@loader_path/Frameworks",
				);
				PRODUCT_BUNDLE_IDENTIFIER = "memo.com.iOS-Tip-CalculatorTests";
				PRODUCT_NAME = "$(TARGET_NAME)";
				SWIFT_VERSION = 5.0;
				TARGETED_DEVICE_FAMILY = "1,2";
				TEST_HOST = "$(BUILT_PRODUCTS_DIR)/iOS Tip Calculator.app/iOS Tip Calculator";
			};
			name = Release;
		};
		66B6878526C1FBFC00CE0FFA /* Debug */ = {
			isa = XCBuildConfiguration;
			buildSettings = {
				ALWAYS_EMBED_SWIFT_STANDARD_LIBRARIES = YES;
				CODE_SIGN_STYLE = Automatic;
				DEVELOPMENT_TEAM = 4KANNKW3US;
				INFOPLIST_FILE = "iOS Tip CalculatorUITests/Info.plist";
				LD_RUNPATH_SEARCH_PATHS = (
					"$(inherited)",
					"@executable_path/Frameworks",
					"@loader_path/Frameworks",
				);
				PRODUCT_BUNDLE_IDENTIFIER = "memo.com.iOS-Tip-CalculatorUITests";
				PRODUCT_NAME = "$(TARGET_NAME)";
				SWIFT_VERSION = 5.0;
				TARGETED_DEVICE_FAMILY = "1,2";
				TEST_TARGET_NAME = "iOS Tip Calculator";
			};
			name = Debug;
		};
		66B6878626C1FBFC00CE0FFA /* Release */ = {
			isa = XCBuildConfiguration;
			buildSettings = {
				ALWAYS_EMBED_SWIFT_STANDARD_LIBRARIES = YES;
				CODE_SIGN_STYLE = Automatic;
				DEVELOPMENT_TEAM = 4KANNKW3US;
				INFOPLIST_FILE = "iOS Tip CalculatorUITests/Info.plist";
				LD_RUNPATH_SEARCH_PATHS = (
					"$(inherited)",
					"@executable_path/Frameworks",
					"@loader_path/Frameworks",
				);
				PRODUCT_BUNDLE_IDENTIFIER = "memo.com.iOS-Tip-CalculatorUITests";
				PRODUCT_NAME = "$(TARGET_NAME)";
				SWIFT_VERSION = 5.0;
				TARGETED_DEVICE_FAMILY = "1,2";
				TEST_TARGET_NAME = "iOS Tip Calculator";
			};
			name = Release;
		};
/* End XCBuildConfiguration section */

/* Begin XCConfigurationList section */
		66B6874F26C1FBF800CE0FFA /* Build configuration list for PBXProject "iOS Tip Calculator" */ = {
			isa = XCConfigurationList;
			buildConfigurations = (
				66B6877C26C1FBFC00CE0FFA /* Debug */,
				66B6877D26C1FBFC00CE0FFA /* Release */,
			);
			defaultConfigurationIsVisible = 0;
			defaultConfigurationName = Release;
		};
		66B6877E26C1FBFC00CE0FFA /* Build configuration list for PBXNativeTarget "iOS Tip Calculator" */ = {
			isa = XCConfigurationList;
			buildConfigurations = (
				66B6877F26C1FBFC00CE0FFA /* Debug */,
				66B6878026C1FBFC00CE0FFA /* Release */,
			);
			defaultConfigurationIsVisible = 0;
			defaultConfigurationName = Release;
		};
		66B6878126C1FBFC00CE0FFA /* Build configuration list for PBXNativeTarget "iOS Tip CalculatorTests" */ = {
			isa = XCConfigurationList;
			buildConfigurations = (
				66B6878226C1FBFC00CE0FFA /* Debug */,
				66B6878326C1FBFC00CE0FFA /* Release */,
			);
			defaultConfigurationIsVisible = 0;
			defaultConfigurationName = Release;
		};
		66B6878426C1FBFC00CE0FFA /* Build configuration list for PBXNativeTarget "iOS Tip CalculatorUITests" */ = {
			isa = XCConfigurationList;
			buildConfigurations = (
				66B6878526C1FBFC00CE0FFA /* Debug */,
				66B6878626C1FBFC00CE0FFA /* Release */,
			);
			defaultConfigurationIsVisible = 0;
			defaultConfigurationName = Release;
		};
/* End XCConfigurationList section */
	};
	rootObject = 66B6874C26C1FBF800CE0FFA /* Project object */;
}
